
Microsoft Visual Studio Solution File, Format Version 12.00
# Visual Studio Version 17
VisualStudioVersion = 17.12.35209.166
MinimumVisualStudioVersion = 10.0.40219.1
Project("{FAE04EC0-301F-11D3-BF4B-00C04F79EFBC}") = "Apuntes_de_Csharp_Revit_API", "Apuntes_de_Csharp_Revit_API\Apuntes_de_Csharp_Revit_API.csproj", "{425C12FD-38D9-4A0C-9804-62039576BA13}"
EndProject
Global
	GlobalSection(SolutionConfigurationPlatforms) = preSolution
		Debug|Any CPU = Debug|Any CPU
		Release|Any CPU = Release|Any CPU
	EndGlobalSection
	GlobalSection(ProjectConfigurationPlatforms) = postSolution
		{425C12FD-38D9-4A0C-9804-62039576BA13}.Debug|Any CPU.ActiveCfg = Debug|Any CPU
		{425C12FD-38D9-4A0C-9804-62039576BA13}.Debug|Any CPU.Build.0 = Debug|Any CPU
		{425C12FD-38D9-4A0C-9804-62039576BA13}.Release|Any CPU.ActiveCfg = Release|Any CPU
		{425C12FD-38D9-4A0C-9804-62039576BA13}.Release|Any CPU.Build.0 = Release|Any CPU
	EndGlobalSection
	GlobalSection(SolutionProperties) = preSolution
		HideSolutionNode = FALSE
	EndGlobalSection
	GlobalSection(ExtensibilityGlobals) = postSolution
		SolutionGuid = {AFB95CCD-82E1-4F51-9174-AC2F38CE90B5}
	EndGlobalSection
EndGlobal
